hash: 3891b7bd592b478d9b076ddd93f061409be05e46d610b9dd709f3d704fccb772
updated: 2016-01-07T08:15:25.227172247-05:00
imports:
- name: github.com/aws/aws-sdk-go
  version: f09322ae1e6468fe828c862542389bc45baf3c00
- name: github.com/davecgh/go-spew
  version: 5215b55f46b2b919f50a1df0eaa5886afe4e3b3d
- name: github.com/go-ini/ini
  version: afbd495e5aaea13597b5e14fe514ddeaa4d76fc3
- name: github.com/jmespath/go-jmespath
  version: c01cf91b011868172fdcd9f41838e80c9d716264
- name: github.com/julienschmidt/httprouter
  version: f30ab90cccbd5171771d26b6557d3c2f49e047a6
- name: github.com/lsegal/gucumber
  version: e8116c9c66e641e9f81fc0a79fac923dfc646378
- name: github.com/pmezard/go-difflib
  version: e8554b8641db39598be7f6342874b958f12ae1d4
- name: github.com/shiena/ansicolor
  version: a422bbe96644373c5753384a59d678f7d261ff10
- name: github.com/stretchr/objx
  version: 1a9d0bb9f541897e62256577b352fdbc1fb4fd94
- name: github.com/stretchr/testify
  version: 8dee258ab1a7c32ec2d2748e6ccce5e2817313c8
- name: github.com/venicegeo/pzsvc-sdk-go
  version: 32538a8d737f9542ba7a25524bf9305bd561fb8b
  subpackages:
  - job
  - utils
- name: golang.org/x/crypto
  version: 552e9d568fde9701ea1944fb01c8aadaceaa7353
- name: golang.org/x/net
  version: 520af5de654dc4dd4f0f65aa40e66dbbd9043df1
- name: golang.org/x/text
  version: cf4986612c83df6c55578ba198316d1684a9a287
- name: golang.org/x/tools
  version: 819a9109e1b5bf2674589db7c4ab5fc99cd3d6d0
devImports: []
